
Microsoft Visual Studio Solution File, Format Version 12.00
# Visual Studio Version 16
VisualStudioVersion = 16.0.30413.136
MinimumVisualStudioVersion = 10.0.40219.1
Project("{FAE04EC0-301F-11D3-BF4B-00C04F79EFBC}") = "myclass3", "myclass3.csproj", "{477F184E-C770-4039-BB20-F2428C627B9B}"
EndProject
Global
	GlobalSection(SolutionConfigurationPlatforms) = preSolution
		Debug|Any CPU = Debug|Any CPU
		Release|Any CPU = Release|Any CPU
	EndGlobalSection
	GlobalSection(ProjectConfigurationPlatforms) = postSolution
		{477F184E-C770-4039-BB20-F2428C627B9B}.Debug|Any CPU.ActiveCfg = Debug|Any CPU
		{477F184E-C770-4039-BB20-F2428C627B9B}.Debug|Any CPU.Build.0 = Debug|Any CPU
		{477F184E-C770-4039-BB20-F2428C627B9B}.Release|Any CPU.ActiveCfg = Release|Any CPU
		{477F184E-C770-4039-BB20-F2428C627B9B}.Release|Any CPU.Build.0 = Release|Any CPU
	EndGlobalSection
	GlobalSection(SolutionProperties) = preSolution
		HideSolutionNode = FALSE
	EndGlobalSection
	GlobalSection(ExtensibilityGlobals) = postSolution
		SolutionGuid = {9BAABB26-0864-4081-8E10-555FEE86ED84}
	EndGlobalSection
EndGlobal
